<?xml version="1.0" encoding="utf-8"?>
<Project ToolsVersion="4.0" xmlns="http://schemas.microsoft.com/developer/msbuild/2003">
  <ItemGroup>
    <Filter Include="Source Files">
      <UniqueIdentifier>{4FC737F1-C7A5-4376-A066-2A32D752A2FF}</UniqueIdentifier>
      <Extensions>cpp;c;cc;cxx;c++;cppm;ixx;def;odl;idl;hpj;bat;asm;asmx</Extensions>
    </Filter>
    <Filter Include="Header Files">
      <UniqueIdentifier>{93995380-89BD-4b04-88EB-625FBE52EBFB}</UniqueIdentifier>
      <Extensions>h;hh;hpp;hxx;h++;hm;inl;inc;ipp;xsd</Extensions>
    </Filter>
    <Filter Include="Resource Files">
      <UniqueIdentifier>{67DA6AB6-F800-4c08-8B7A-83BB121AAD01}</UniqueIdentifier>
      <Extensions>rc;ico;cur;bmp;dlg;rc2;rct;bin;rgs;gif;jpg;jpeg;jpe;resx;tiff;tif;png;wav;mfcribbon-ms</Extensions>
    </Filter>
  </ItemGroup>
  <ItemGroup>
    <ClCompile Include="src\main.cpp">
      <Filter>Source Files</Filter>
    </ClCompile>
    <ClCompile Include="src\state\cool_stuff_state.cpp">
      <Filter>Source Files</Filter>
    </ClCompile>
    <ClCompile Include="src\state\film_edit_state.cpp">
      <Filter>Source Files</Filter>
    </ClCompile>
  </ItemGroup>
  <ItemGroup>
    <ClInclude Include="src\state\cool_stuff_state.h">
      <Filter>Header Files</Filter>
    </ClInclude>
    <ClInclude Include="src\state\cool_stuff_state.h">
      <Filter>Header Files</Filter>
    </ClInclude>
    <ClInclude Include="src\state\film_edit_state.h">
      <Filter>Header Files</Filter>
    </ClInclude>
    <ClInclude Include="vendor\thsan\include\manager\log_manager.h">
      <Filter>Header Files</Filter>
    </ClInclude>
    <ClInclude Include="vendor\thsan\include\platform\openGL\gl_compute_shader.h">
      <Filter>Header Files</Filter>
    </ClInclude>
    <ClInclude Include="vendor\thsan\include\platform\openGL\gl_framebuffer.h">
      <Filter>Header Files</Filter>
    </ClInclude>
    <ClInclude Include="vendor\thsan\include\platform\openGL\gl_helper.h">
      <Filter>Header Files</Filter>
    </ClInclude>
    <ClInclude Include="vendor\thsan\include\platform\openGL\gl_imgui_handler_SDL.h">
      <Filter>Header Files</Filter>
    </ClInclude>
    <ClInclude Include="vendor\thsan\include\platform\openGL\gl_mesh.h">
      <Filter>Header Files</Filter>
    </ClInclude>
    <ClInclude Include="vendor\thsan\include\platform\openGL\gl_render_target.h">
      <Filter>Header Files</Filter>
    </ClInclude>
    <ClInclude Include="vendor\thsan\include\platform\openGL\gl_shader.h">
      <Filter>Header Files</Filter>
    </ClInclude>
    <ClInclude Include="vendor\thsan\include\platform\openGL\gl_texture2D.h">
      <Filter>Header Files</Filter>
    </ClInclude>
    <ClInclude Include="vendor\thsan\include\platform\SDL\sdl_window.h">
      <Filter>Header Files</Filter>
    </ClInclude>
    <ClInclude Include="vendor\thsan\include\platform\vulkan\vk_config.h">
      <Filter>Header Files</Filter>
    </ClInclude>
    <ClInclude Include="vendor\thsan\include\platform\vulkan\vk_initializer.h">
      <Filter>Header Files</Filter>
    </ClInclude>
    <ClInclude Include="vendor\thsan\include\platform\vulkan\vk_swapchain.h">
      <Filter>Header Files</Filter>
    </ClInclude>
    <ClInclude Include="vendor\thsan\include\thsan\game_object\component\input\command.h">
      <Filter>Header Files</Filter>
    </ClInclude>
    <ClInclude Include="vendor\thsan\include\thsan\game_object\component\input_component.h">
      <Filter>Header Files</Filter>
    </ClInclude>
    <ClInclude Include="vendor\thsan\include\thsan\game_object\component\native_script_component.h">
      <Filter>Header Files</Filter>
    </ClInclude>
    <ClInclude Include="vendor\thsan\include\thsan\game_object\component\physic_component.h">
      <Filter>Header Files</Filter>
    </ClInclude>
    <ClInclude Include="vendor\thsan\include\thsan\game_object\component\render_component.h">
      <Filter>Header Files</Filter>
    </ClInclude>
    <ClInclude Include="vendor\thsan\include\thsan\game_object\data\data.h">
      <Filter>Header Files</Filter>
    </ClInclude>
    <ClInclude Include="vendor\thsan\include\thsan\game_object\data\data_holder.h">
      <Filter>Header Files</Filter>
    </ClInclude>
    <ClInclude Include="vendor\thsan\include\thsan\game_object\game_object.h">
      <Filter>Header Files</Filter>
    </ClInclude>
    <ClInclude Include="vendor\thsan\include\thsan\graphics\drawable\cube.h">
      <Filter>Header Files</Filter>
    </ClInclude>
    <ClInclude Include="vendor\thsan\include\thsan\graphics\drawable\sprite_animation.h">
      <Filter>Header Files</Filter>
    </ClInclude>
    <ClInclude Include="vendor\thsan\include\thsan\graphics\drawable\text.h">
      <Filter>Header Files</Filter>
    </ClInclude>
    <ClInclude Include="vendor\thsan\include\thsan\graphics\drawable\tilemap.h">
      <Filter>Header Files</Filter>
    </ClInclude>
    <ClInclude Include="vendor\thsan\include\thsan\graphics\drawable\tilemap_impl.h">
      <Filter>Header Files</Filter>
    </ClInclude>
    <ClInclude Include="vendor\thsan\include\thsan\graphics\modifier\on_terrain_modifier.h">
      <Filter>Header Files</Filter>
    </ClInclude>
    <ClInclude Include="vendor\thsan\include\thsan\graphics\post_process_effect\letterbox_post_processor.h">
      <Filter>Header Files</Filter>
    </ClInclude>
    <ClInclude Include="vendor\thsan\include\thsan\graphics\post_process_effect\snowfall_post_processor.h">
      <Filter>Header Files</Filter>
    </ClInclude>
    <ClInclude Include="vendor\thsan\include\thsan\graphics\renderer\renderer.h">
      <Filter>Header Files</Filter>
    </ClInclude>
    <ClInclude Include="vendor\thsan\include\thsan\graphics\renderer\renderer_2D.h">
      <Filter>Header Files</Filter>
    </ClInclude>
    <ClInclude Include="vendor\thsan\include\thsan\graphics\renderer\renderer_debug_HUD.h">
      <Filter>Header Files</Filter>
    </ClInclude>
    <ClInclude Include="vendor\thsan\include\thsan\graphics\renderer\renderer_film.h">
      <Filter>Header Files</Filter>
    </ClInclude>
    <ClInclude Include="vendor\thsan\include\thsan\graphics\renderer\renderer_terrain.h">
      <Filter>Header Files</Filter>
    </ClInclude>
    <ClInclude Include="vendor\thsan\include\thsan\graphics\terrain\terrain.h">
      <Filter>Header Files</Filter>
    </ClInclude>
    <ClInclude Include="vendor\thsan\include\thsan\graphics\terrain\terrain_impl.h">
      <Filter>Header Files</Filter>
    </ClInclude>
    <ClInclude Include="vendor\thsan\include\thsan\graphics\compute_shader.h">
      <Filter>Header Files</Filter>
    </ClInclude>
    <ClInclude Include="vendor\thsan\include\thsan\graphics\drawable.h">
      <Filter>Header Files</Filter>
    </ClInclude>
    <ClInclude Include="vendor\thsan\include\thsan\graphics\font.h">
      <Filter>Header Files</Filter>
    </ClInclude>
    <ClInclude Include="vendor\thsan\include\thsan\graphics\framebuffer.h">
      <Filter>Header Files</Filter>
    </ClInclude>
    <ClInclude Include="vendor\thsan\include\thsan\graphics\graphic_api.h">
      <Filter>Header Files</Filter>
    </ClInclude>
    <ClInclude Include="vendor\thsan\include\thsan\graphics\image.h">
      <Filter>Header Files</Filter>
    </ClInclude>
    <ClInclude Include="vendor\thsan\include\thsan\graphics\imgui_handler.h">
      <Filter>Header Files</Filter>
    </ClInclude>
    <ClInclude Include="vendor\thsan\include\thsan\graphics\light.h">
      <Filter>Header Files</Filter>
    </ClInclude>
    <ClInclude Include="vendor\thsan\include\thsan\graphics\material.h">
      <Filter>Header Files</Filter>
    </ClInclude>
    <ClInclude Include="vendor\thsan\include\thsan\graphics\mesh.h">
      <Filter>Header Files</Filter>
    </ClInclude>
    <ClInclude Include="vendor\thsan\include\thsan\graphics\modifier.h">
      <Filter>Header Files</Filter>
    </ClInclude>
    <ClInclude Include="vendor\thsan\include\thsan\graphics\post_process.h">
      <Filter>Header Files</Filter>
    </ClInclude>
    <ClInclude Include="vendor\thsan\include\thsan\graphics\render_command.h">
      <Filter>Header Files</Filter>
    </ClInclude>
    <ClInclude Include="vendor\thsan\include\thsan\graphics\render_context.h">
      <Filter>Header Files</Filter>
    </ClInclude>
    <ClInclude Include="vendor\thsan\include\thsan\graphics\render_states.h">
      <Filter>Header Files</Filter>
    </ClInclude>
    <ClInclude Include="vendor\thsan\include\thsan\graphics\render_target.h">
      <Filter>Header Files</Filter>
    </ClInclude>
    <ClInclude Include="vendor\thsan\include\thsan\graphics\shader.h">
      <Filter>Header Files</Filter>
    </ClInclude>
    <ClInclude Include="vendor\thsan\include\thsan\graphics\texture.h">
      <Filter>Header Files</Filter>
    </ClInclude>
    <ClInclude Include="vendor\thsan\include\thsan\graphics\transformable.h">
      <Filter>Header Files</Filter>
    </ClInclude>
    <ClInclude Include="vendor\thsan\include\thsan\graphics\vertex.h">
      <Filter>Header Files</Filter>
    </ClInclude>
    <ClInclude Include="vendor\thsan\include\thsan\graphics\view.h">
      <Filter>Header Files</Filter>
    </ClInclude>
    <ClInclude Include="vendor\thsan\include\thsan\hud\debug_hud\editor_panel_debug.h">
      <Filter>Header Files</Filter>
    </ClInclude>
    <ClInclude Include="vendor\thsan\include\thsan\hud\debug_hud\exemple_panel_debug.h">
      <Filter>Header Files</Filter>
    </ClInclude>
    <ClInclude Include="vendor\thsan\include\thsan\hud\debug_hud\menu_bar_panel_debug.h">
      <Filter>Header Files</Filter>
    </ClInclude>
    <ClInclude Include="vendor\thsan\include\thsan\hud\debug_hud\panel_debug.h">
      <Filter>Header Files</Filter>
    </ClInclude>
    <ClInclude Include="vendor\thsan\include\thsan\hud\debug_hud\selection_panel_debug.h">
      <Filter>Header Files</Filter>
    </ClInclude>
    <ClInclude Include="vendor\thsan\include\thsan\hud\debug_hud\terrain_panel_debug.h">
      <Filter>Header Files</Filter>
    </ClInclude>
    <ClInclude Include="vendor\thsan\include\thsan\hud\debug_hud\timeline_panel_debug.h">
      <Filter>Header Files</Filter>
    </ClInclude>
    <ClInclude Include="vendor\thsan\include\thsan\hud\debug_hud\view_panel_debug.h">
      <Filter>Header Files</Filter>
    </ClInclude>
    <ClInclude Include="vendor\thsan\include\thsan\hud\general_hud\button.h">
      <Filter>Header Files</Filter>
    </ClInclude>
    <ClInclude Include="vendor\thsan\include\thsan\hud\general_hud\gui.h">
      <Filter>Header Files</Filter>
    </ClInclude>
    <ClInclude Include="vendor\thsan\include\thsan\hud\general_hud\label.h">
      <Filter>Header Files</Filter>
    </ClInclude>
    <ClInclude Include="vendor\thsan\include\thsan\hud\general_hud\label_button.h">
      <Filter>Header Files</Filter>
    </ClInclude>
    <ClInclude Include="vendor\thsan\include\thsan\hud\general_hud\panel.h">
      <Filter>Header Files</Filter>
    </ClInclude>
    <ClInclude Include="vendor\thsan\include\thsan\hud\general_hud\widget.h">
      <Filter>Header Files</Filter>
    </ClInclude>
    <ClInclude Include="vendor\thsan\include\thsan\input\Command.h">
      <Filter>Header Files</Filter>
    </ClInclude>
    <ClInclude Include="vendor\thsan\include\thsan\input\control_setting.h">
      <Filter>Header Files</Filter>
    </ClInclude>
    <ClInclude Include="vendor\thsan\include\thsan\input\event.h">
      <Filter>Header Files</Filter>
    </ClInclude>
    <ClInclude Include="vendor\thsan\include\thsan\input\key_code.h">
      <Filter>Header Files</Filter>
    </ClInclude>
    <ClInclude Include="vendor\thsan\include\thsan\input\keyboard.h">
      <Filter>Header Files</Filter>
    </ClInclude>
    <ClInclude Include="vendor\thsan\include\thsan\ressource_manager\debugHUD_manager.h">
      <Filter>Header Files</Filter>
    </ClInclude>
    <ClInclude Include="vendor\thsan\include\thsan\ressource_manager\font_manager.h">
      <Filter>Header Files</Filter>
    </ClInclude>
    <ClInclude Include="vendor\thsan\include\thsan\ressource_manager\texture2D_manager.h">
      <Filter>Header Files</Filter>
    </ClInclude>
    <ClInclude Include="vendor\thsan\include\thsan\scene\scene.h">
      <Filter>Header Files</Filter>
    </ClInclude>
    <ClInclude Include="vendor\thsan\include\thsan\state\transition\transition\Transition.h">
      <Filter>Header Files</Filter>
    </ClInclude>
    <ClInclude Include="vendor\thsan\include\thsan\state\transition\TransitionState.h">
      <Filter>Header Files</Filter>
    </ClInclude>
    <ClInclude Include="vendor\thsan\include\thsan\state\default_state.h">
      <Filter>Header Files</Filter>
    </ClInclude>
    <ClInclude Include="vendor\thsan\include\thsan\state\state.h">
      <Filter>Header Files</Filter>
    </ClInclude>
    <ClInclude Include="vendor\thsan\include\thsan\state\state_manager.h">
      <Filter>Header Files</Filter>
    </ClInclude>
    <ClInclude Include="vendor\thsan\include\thsan\core.h">
      <Filter>Header Files</Filter>
    </ClInclude>
    <ClInclude Include="vendor\thsan\include\thsan\entry_point.h">
      <Filter>Header Files</Filter>
    </ClInclude>
    <ClInclude Include="vendor\thsan\include\thsan\game.h">
      <Filter>Header Files</Filter>
    </ClInclude>
    <ClInclude Include="vendor\thsan\include\thsan\log.h">
      <Filter>Header Files</Filter>
    </ClInclude>
    <ClInclude Include="vendor\thsan\include\thsan\non_copyable.h">
      <Filter>Header Files</Filter>
    </ClInclude>
    <ClInclude Include="vendor\thsan\include\thsan\options.h">
      <Filter>Header Files</Filter>
    </ClInclude>
    <ClInclude Include="vendor\thsan\include\thsan\window.h">
      <Filter>Header Files</Filter>
    </ClInclude>
    <ClInclude Include="vendor\thsan\include\tsm\math\camera\abstract_camera.h">
      <Filter>Header Files</Filter>
    </ClInclude>
    <ClInclude Include="vendor\thsan\include\tsm\math\camera\fixed_target_camera.h">
      <Filter>Header Files</Filter>
    </ClInclude>
    <ClInclude Include="vendor\thsan\include\tsm\math\camera\free_camera.h">
      <Filter>Header Files</Filter>
    </ClInclude>
    <ClInclude Include="vendor\thsan\include\tsm\math\camera\target_camera.h">
      <Filter>Header Files</Filter>
    </ClInclude>
    <ClInclude Include="vendor\thsan\include\tsm\math\color.h">
      <Filter>Header Files</Filter>
    </ClInclude>
    <ClInclude Include="vendor\thsan\include\tsm\math\transform.h">
      <Filter>Header Files</Filter>
    </ClInclude>
    <ClInclude Include="vendor\thsan\include\tsm\tsm.h">
      <Filter>Header Files</Filter>
    </ClInclude>
    <ClInclude Include="vendor\thsan\include\pch.h">
      <Filter>Header Files</Filter>
    </ClInclude>
    <ClInclude Include="vendor\thsan\include\thsan.h">
      <Filter>Header Files</Filter>
    </ClInclude>
    <ClInclude Include="media\compute_shader\copyR16.cs">
      <Filter>Header Files</Filter>
    </ClInclude>
  </ItemGroup>
  <ItemGroup>
    <None Include="media\compute_shader\test.cs" />
    <None Include="media\compute_shader\terrainVisibility.cs" />
    <None Include="media\shader\render2D\gui.frag" />
    <None Include="media\shader\render2D\gui.vert" />
    <None Include="media\compute_shader\traceFilm.cs" />
    <None Include="media\compute_shader\depthR16ConversionToRGBA.cs" />
    <None Include="media\compute_shader\occludeR16WithMask.cs" />
    <None Include="media\compute_shader\occludeRGBA8WithMask.cs" />
    <None Include="media\compute_shader\depthClamp.cs" />
    <None Include="media\compute_shader\depthPrecision.cs" />
    <None Include="media\compute_shader\depthToPosition.cs" />
    <None Include="media\compute_shader\depthBlur.cs" />
  </ItemGroup>
</Project>