<?xml version="1.0" encoding="utf-8"?>
<Project ToolsVersion="4.0" xmlns="http://schemas.microsoft.com/developer/msbuild/2003">
  <ItemGroup>
    <Filter Include="thsan">
      <UniqueIdentifier>{23186D10-8F2C-95C1-58AE-3821C48191F2}</UniqueIdentifier>
    </Filter>
  </ItemGroup>
  <ItemGroup>
    <ClInclude Include="src\thsan.h" />
    <ClInclude Include="src\thsan\core.h">
      <Filter>thsan</Filter>
    </ClInclude>
    <ClInclude Include="src\thsan\entry_point.h">
      <Filter>thsan</Filter>
    </ClInclude>
    <ClInclude Include="src\thsan\game.h">
      <Filter>thsan</Filter>
    </ClInclude>
    <ClInclude Include="src\thsan\window.h" />
    <ClInclude Include="src\thsan\Input\key_code.h">
      <Filter>thsan</Filter>
    </ClInclude>
    <ClInclude Include="src\thsan\Input\keyboard.h">
      <Filter>thsan</Filter>
    </ClInclude>
    <ClInclude Include="src\platform\openGL\gl_render_target.h" />
    <ClInclude Include="src\thsan\graphics\render_target.h" />
    <ClInclude Include="src\thsan\non_copyable.h" />
    <ClInclude Include="src\thsan\graphics\graphic_api.h" />
    <ClInclude Include="src\thsan\graphics\mesh.h" />
    <ClInclude Include="src\thsan\graphics\shader.h" />
    <ClInclude Include="src\platform\openGL\gl_shader.h" />
    <ClInclude Include="src\thsan\graphics\render_command.h" />
    <ClInclude Include="src\platform\openGL\gl_mesh.h" />
    <ClInclude Include="src\thsan\graphics\renderer\renderer_2D.h" />
    <ClInclude Include="src\platform\openGL\gl_helper.h" />
    <ClInclude Include="src\thsan\graphics\vertex.h" />
    <ClInclude Include="src\thsan\graphics\texture.h" />
    <ClInclude Include="src\thsan\graphics\image.h" />
    <ClInclude Include="src\platform\openGL\gl_texture2D.h" />
    <ClInclude Include="src\thsan\graphics\render_states.h" />
    <ClInclude Include="src\thsan\graphics\framebuffer.h" />
    <ClInclude Include="src\platform\openGL\gl_framebuffer.h" />
    <ClInclude Include="src\thsan\system\vector.h" />
    <ClInclude Include="src\thsan\Input\Command.h" />
    <ClInclude Include="src\thsan\Input\control_setting.h" />
    <ClInclude Include="src\thsan\state\state.h" />
    <ClInclude Include="src\thsan\Input\event.h" />
    <ClInclude Include="src\platform\SDL\sdl_window.h" />
    <ClInclude Include="src\tsm\math\camera\abstract_camera.h" />
    <ClInclude Include="src\tsm\math\camera\free_camera.h" />
    <ClInclude Include="src\tsm\math\transform.h" />
    <ClInclude Include="src\tsm\tsm.h" />
    <ClInclude Include="src\pch.h" />
    <ClInclude Include="src\thsan\log.h" />
    <ClInclude Include="src\manager\log_manager.h" />
    <ClInclude Include="src\thsan\graphics\drawable\tilemap.h" />
    <ClInclude Include="src\thsan\graphics\drawable.h" />
    <ClInclude Include="src\thsan\graphics\drawable\tilemap_impl.h" />
    <ClInclude Include="src\thsan\graphics\view.h" />
    <ClInclude Include="src\thsan\graphics\drawable\sprite_animation.h" />
    <ClInclude Include="src\tsm\math\color.h" />
    <ClInclude Include="src\thsan\graphics\transformable.h" />
    <ClInclude Include="src\thsan\graphics\render_context.h" />
    <ClInclude Include="src\thsan\graphics\drawable\cube.h" />
    <ClInclude Include="src\thsan\graphics\terrain\terrain.h" />
    <ClInclude Include="src\thsan\graphics\terrain\terrain_impl.h" />
    <ClInclude Include="src\thsan\state\state_manager.h" />
    <ClInclude Include="src\thsan\state\default_state.h" />
    <ClInclude Include="src\thsan\graphics\compute_shader.h" />
    <ClInclude Include="src\platform\openGL\gl_compute_shader.h" />
    <ClInclude Include="src\thsan\graphics\modifier.h" />
    <ClInclude Include="src\thsan\graphics\modifier\on_terrain_modifier.h" />
    <ClInclude Include="src\thsan\ressource_manager\texture2D_manager.h" />
    <ClInclude Include="src\thsan\graphics\renderer\renderer_terrain.h" />
    <ClInclude Include="src\thsan\graphics\renderer\renderer.h" />
    <ClInclude Include="src\platform\openGL\gl_imgui_handler_SDL.h" />
    <ClInclude Include="src\thsan\graphics\imgui_handler.h" />
    <ClInclude Include="src\thsan\graphics\renderer\renderer_debug_HUD.h" />
    <ClInclude Include="src\thsan\ressource_manager\debugHUD_manager.h" />
    <ClInclude Include="src\thsan\hud\debughud\panel_debug.h" />
    <ClInclude Include="src\thsan\hud\debughud\exemple_panel_debug.h" />
    <ClInclude Include="src\thsan\hud\debughud\terrain_panel_debug.h" />
    <ClInclude Include="src\thsan\hud\debughud\menu_bar_panel_debug.h" />
    <ClInclude Include="src\thsan\options.h" />
    <ClInclude Include="src\thsan\graphics\font.h" />
    <ClInclude Include="src\thsan\ressource_manager\font_manager.h" />
    <ClInclude Include="src\thsan\graphics\drawable\text.h" />
    <ClInclude Include="src\thsan\hud\generalhud\button.h" />
    <ClInclude Include="src\thsan\hud\generalhud\gui.h" />
    <ClInclude Include="src\thsan\hud\generalhud\widget.h" />
    <ClInclude Include="src\thsan\hud\generalhud\label.h" />
    <ClInclude Include="src\thsan\hud\generalhud\label_button.h" />
    <ClInclude Include="src\thsan\hud\generalhud\panel.h" />
    <ClInclude Include="include\manager\log_manager.h" />
    <ClInclude Include="include\platform\openGL\gl_compute_shader.h" />
    <ClInclude Include="include\platform\openGL\gl_framebuffer.h" />
    <ClInclude Include="include\platform\openGL\gl_helper.h" />
    <ClInclude Include="include\platform\openGL\gl_imgui_handler_SDL.h" />
    <ClInclude Include="include\platform\openGL\gl_mesh.h" />
    <ClInclude Include="include\platform\openGL\gl_render_target.h" />
    <ClInclude Include="include\platform\openGL\gl_shader.h" />
    <ClInclude Include="include\platform\openGL\gl_texture2D.h" />
    <ClInclude Include="include\platform\SDL\sdl_window.h" />
    <ClInclude Include="include\platform\vulkan\vk_config.h" />
    <ClInclude Include="include\platform\vulkan\vk_initializer.h" />
    <ClInclude Include="include\platform\vulkan\vk_swapchain.h" />
    <ClInclude Include="include\thsan\graphics\drawable\cube.h" />
    <ClInclude Include="include\thsan\graphics\drawable\sprite_animation.h" />
    <ClInclude Include="include\thsan\graphics\drawable\text.h" />
    <ClInclude Include="include\thsan\graphics\drawable\tilemap.h" />
    <ClInclude Include="include\thsan\graphics\drawable\tilemap_impl.h" />
    <ClInclude Include="include\thsan\graphics\modifier\on_terrain_modifier.h" />
    <ClInclude Include="include\thsan\graphics\renderer\renderer.h" />
    <ClInclude Include="include\thsan\graphics\renderer\renderer_2D.h" />
    <ClInclude Include="include\thsan\graphics\renderer\renderer_debug_HUD.h" />
    <ClInclude Include="include\thsan\graphics\renderer\renderer_terrain.h" />
    <ClInclude Include="include\thsan\graphics\terrain\terrain.h" />
    <ClInclude Include="include\thsan\graphics\terrain\terrain_impl.h" />
    <ClInclude Include="include\thsan\graphics\compute_shader.h" />
    <ClInclude Include="include\thsan\graphics\drawable.h" />
    <ClInclude Include="include\thsan\graphics\font.h" />
    <ClInclude Include="include\thsan\graphics\framebuffer.h" />
    <ClInclude Include="include\thsan\graphics\graphic_api.h" />
    <ClInclude Include="include\thsan\graphics\image.h" />
    <ClInclude Include="include\thsan\graphics\imgui_handler.h" />
    <ClInclude Include="include\thsan\graphics\mesh.h" />
    <ClInclude Include="include\thsan\graphics\modifier.h" />
    <ClInclude Include="include\thsan\graphics\render_command.h" />
    <ClInclude Include="include\thsan\graphics\render_context.h" />
    <ClInclude Include="include\thsan\graphics\render_states.h" />
    <ClInclude Include="include\thsan\graphics\render_target.h" />
    <ClInclude Include="include\thsan\graphics\shader.h" />
    <ClInclude Include="include\thsan\graphics\texture.h" />
    <ClInclude Include="include\thsan\graphics\transformable.h" />
    <ClInclude Include="include\thsan\graphics\vertex.h" />
    <ClInclude Include="include\thsan\graphics\view.h" />
    <ClInclude Include="include\thsan\hud\debug_hud\exemple_panel_debug.h" />
    <ClInclude Include="include\thsan\hud\debug_hud\menu_bar_panel_debug.h" />
    <ClInclude Include="include\thsan\hud\debug_hud\panel_debug.h" />
    <ClInclude Include="include\thsan\hud\debug_hud\terrain_panel_debug.h" />
    <ClInclude Include="include\thsan\hud\general_hud\button.h" />
    <ClInclude Include="include\thsan\hud\general_hud\gui.h" />
    <ClInclude Include="include\thsan\hud\general_hud\label.h" />
    <ClInclude Include="include\thsan\hud\general_hud\label_button.h" />
    <ClInclude Include="include\thsan\hud\general_hud\panel.h" />
    <ClInclude Include="include\thsan\hud\general_hud\widget.h" />
    <ClInclude Include="include\thsan\input\control_setting.h" />
    <ClInclude Include="include\thsan\input\event.h" />
    <ClInclude Include="include\thsan\input\key_code.h" />
    <ClInclude Include="include\thsan\input\keyboard.h" />
    <ClInclude Include="include\thsan\ressource_manager\debugHUD_manager.h" />
    <ClInclude Include="include\thsan\ressource_manager\font_manager.h" />
    <ClInclude Include="include\thsan\ressource_manager\texture2D_manager.h" />
    <ClInclude Include="include\thsan\state\transition\transition\Transition.h" />
    <ClInclude Include="include\thsan\state\transition\TransitionState.h" />
    <ClInclude Include="include\thsan\state\default_state.h" />
    <ClInclude Include="include\thsan\state\state.h" />
    <ClInclude Include="include\thsan\state\state_manager.h" />
    <ClInclude Include="include\thsan\core.h" />
    <ClInclude Include="include\thsan\entry_point.h" />
    <ClInclude Include="include\thsan\game.h" />
    <ClInclude Include="include\thsan\log.h" />
    <ClInclude Include="include\thsan\non_copyable.h" />
    <ClInclude Include="include\thsan\options.h" />
    <ClInclude Include="include\thsan\window.h" />
    <ClInclude Include="include\tsm\math\camera\abstract_camera.h" />
    <ClInclude Include="include\tsm\math\camera\fixed_target_camera.h" />
    <ClInclude Include="include\tsm\math\camera\free_camera.h" />
    <ClInclude Include="include\tsm\math\camera\target_camera.h" />
    <ClInclude Include="include\tsm\math\color.h" />
    <ClInclude Include="include\tsm\math\transform.h" />
    <ClInclude Include="include\tsm\tsm.h" />
    <ClInclude Include="include\pch.h" />
    <ClInclude Include="include\thsan.h" />
    <ClInclude Include="include\thsan\graphics\light.h" />
    <ClInclude Include="src\thsan\game_object\component\input\command.h" />
    <ClInclude Include="src\thsan\game_object\component\input_component.h" />
    <ClInclude Include="src\thsan\game_object\component\native_script_component.h" />
    <ClInclude Include="src\thsan\game_object\component\physic_component.h" />
    <ClInclude Include="src\thsan\game_object\component\render_component.h" />
    <ClInclude Include="src\thsan\game_object\data\data.h" />
    <ClInclude Include="src\thsan\game_object\data\data_holder.h" />
    <ClInclude Include="src\thsan\game_object\game_object.h" />
    <ClInclude Include="include\thsan\game_object\component\render_component.h" />
    <ClInclude Include="include\thsan\graphics\post_process.h" />
    <ClInclude Include="include\thsan\graphics\post_process_effect\snowfall_post_processor.h" />
    <ClInclude Include="include\thsan\graphics\post_process_effect\letterbox_post_processor.h" />
    <ClInclude Include="include\thsan\graphics\renderer\renderer_film.h" />
    <ClInclude Include="include\thsan\graphics\material.h" />
  </ItemGroup>
  <ItemGroup>
    <ClCompile Include="src\thsan\game.cpp">
      <Filter>thsan</Filter>
    </ClCompile>
    <ClCompile Include="src\thsan\window.cpp" />
    <ClCompile Include="src\thsan\input\keyboard.cpp">
      <Filter>thsan</Filter>
    </ClCompile>
    <ClCompile Include="src\platform\openGL\gl_render_target.cpp" />
    <ClCompile Include="src\thsan\graphics\graphic_api.cpp" />
    <ClCompile Include="src\thsan\graphics\render_target.cpp" />
    <ClCompile Include="src\thsan\graphics\mesh.cpp" />
    <ClCompile Include="src\thsan\graphics\shader.cpp" />
    <ClCompile Include="src\platform\openGL\gl_shader.cpp" />
    <ClCompile Include="src\platform\openGL\gl_mesh.cpp" />
    <ClCompile Include="src\thsan\graphics\render_command.cpp" />
    <ClCompile Include="src\thsan\graphics\renderer\renderer_2D.cpp" />
    <ClCompile Include="src\platform\openGL\gl_helper.cpp" />
    <ClCompile Include="src\thsan\graphics\texture.cpp" />
    <ClCompile Include="src\platform\openGL\gl_texture2D.cpp" />
    <ClCompile Include="src\thsan\graphics\render_states.cpp" />
    <ClCompile Include="src\thsan\graphics\framebuffer.cpp" />
    <ClCompile Include="src\platform\openGL\gl_framebuffer.cpp" />
    <ClCompile Include="src\thsan\graphics\vertex.cpp" />
    <ClCompile Include="src\thsan\input\control_setting.cpp" />
    <ClCompile Include="src\thsan\state\state.cpp" />
    <ClCompile Include="src\platform\SDL\sdl_window.cpp" />
    <ClCompile Include="src\tsm\math\camera\free_camera.cpp" />
    <ClCompile Include="src\tsm\math\transform.cpp" />
    <ClCompile Include="src\pch.cpp" />
    <ClCompile Include="src\thsan\graphics\drawable\tilemap_impl.cpp" />
    <ClCompile Include="src\thsan\graphics\view.cpp" />
    <ClCompile Include="src\thsan\graphics\drawable\sprite_animation.cpp" />
    <ClCompile Include="src\tsm\math\color.cpp" />
    <ClCompile Include="src\thsan\graphics\render_context.cpp" />
    <ClCompile Include="src\thsan\graphics\drawable\cube.cpp" />
    <ClCompile Include="src\thsan\graphics\terrain\terrain_impl.cpp" />
    <ClCompile Include="src\thsan\graphics\drawable\tilemap.cpp" />
    <ClCompile Include="src\thsan\graphics\terrain\terrain.cpp" />
    <ClCompile Include="src\thsan\state\state_manager.cpp" />
    <ClCompile Include="src\thsan\graphics\compute_shader.cpp" />
    <ClCompile Include="src\platform\openGL\gl_compute_shader.cpp" />
    <ClCompile Include="src\thsan\graphics\modifier\on_terrain_modifier.cpp" />
    <ClCompile Include="src\thsan\ressource_manager\texture2D_manager.cpp" />
    <ClCompile Include="src\thsan\graphics\renderer\renderer_terrain.cpp" />
    <ClCompile Include="src\platform\openGL\gl_imgui_handler_SDL.cpp" />
    <ClCompile Include="src\thsan\graphics\renderer\renderer_debug_HUD.cpp" />
    <ClCompile Include="src\thsan\ressource_manager\debugHUD_manager.cpp" />
    <ClCompile Include="src\thsan\hud\debug_hud\exemple_panel_debug.cpp" />
    <ClCompile Include="src\thsan\hud\debug_hud\terrain_panel_debug.cpp" />
    <ClCompile Include="src\thsan\hud\debug_hud\menu_bar_panel_debug.cpp" />
    <ClCompile Include="src\thsan\graphics\font.cpp" />
    <ClCompile Include="src\thsan\ressource_manager\font_manager.cpp" />
    <ClCompile Include="src\thsan\graphics\drawable\text.cpp" />
    <ClCompile Include="src\thsan\hud\general_hud\gui.cpp" />
    <ClCompile Include="src\thsan\hud\general_hud\label_button.cpp" />
    <ClCompile Include="src\thsan\hud\general_hud\label.cpp" />
    <ClCompile Include="src\thsan\hud\general_hud\panel.cpp" />
    <ClCompile Include="vendor\imgui\backends\imgui_impl_opengl3.cpp" />
    <ClCompile Include="vendor\imgui\backends\imgui_impl_sdl2.cpp" />
    <ClCompile Include="vendor\imgui\imgui_demo.cpp" />
    <ClCompile Include="vendor\imgui\imgui_draw.cpp" />
    <ClCompile Include="vendor\imgui\imgui_tables.cpp" />
    <ClCompile Include="vendor\imgui\imgui_widgets.cpp" />
    <ClCompile Include="vendor\imgui\imgui.cpp" />
    <ClCompile Include="src\thsan\graphics\post_process.cpp" />
    <ClCompile Include="src\thsan\graphics\post_process_effect\snowfall_post_processor.cpp" />
    <ClCompile Include="src\thsan\graphics\post_process_effect\letterbox_post_processor.cpp" />
    <ClCompile Include="src\thsan\graphics\renderer\renderer_film.cpp" />
  </ItemGroup>
  <ItemGroup>
    <None Include="media\compute_shader\terrainGenerator.cs" />
    <None Include="media\compute_shader\terrainVisibility.cs" />
  </ItemGroup>
</Project>